// !$*UTF8*$!
{
	archiveVersion = 1;
	classes = {
	};
	objectVersion = 50;
	objects = {

/* Begin PBXBuildFile section */
		C089DFDF26741D91006C47D1 /* AppDelegate.swift in Sources */ = {isa = PBXBuildFile; fileRef = C089DFDE26741D91006C47D1 /* AppDelegate.swift */; };
		C089DFE126741D91006C47D1 /* SceneDelegate.swift in Sources */ = {isa = PBXBuildFile; fileRef = C089DFE026741D91006C47D1 /* SceneDelegate.swift */; };
		C089DFE326741D91006C47D1 /* ViewController.swift in Sources */ = {isa = PBXBuildFile; fileRef = C089DFE226741D91006C47D1 /* ViewController.swift */; };
		C089DFE626741D91006C47D1 /* Main.storyboard in Resources */ = {isa = PBXBuildFile; fileRef = C089DFE426741D91006C47D1 /* Main.storyboard */; };
		C089DFE826741D93006C47D1 /* Assets.xcassets in Resources */ = {isa = PBXBuildFile; fileRef = C089DFE726741D93006C47D1 /* Assets.xcassets */; };
		C089DFEB26741D93006C47D1 /* LaunchScreen.storyboard in Resources */ = {isa = PBXBuildFile; fileRef = C089DFE926741D93006C47D1 /* LaunchScreen.storyboard */; };
		C089DFF926742D4C006C47D1 /* UIView+Extensions.swift in Sources */ = {isa = PBXBuildFile; fileRef = C089DFF826742D4C006C47D1 /* UIView+Extensions.swift */; };
		C089DFFB26742D76006C47D1 /* OnboardingSlide.swift in Sources */ = {isa = PBXBuildFile; fileRef = C089DFFA26742D76006C47D1 /* OnboardingSlide.swift */; };
/* End PBXBuildFile section */

/* Begin PBXFileReference section */
		C089DFDB26741D91006C47D1 /* Gym Purple.app */ = {isa = PBXFileReference; explicitFileType = wrapper.application; includeInIndex = 0; path = "Gym Purple.app"; sourceTree = BUILT_PRODUCTS_DIR; };
		C089DFDE26741D91006C47D1 /* AppDelegate.swift */ = {isa = PBXFileReference; lastKnownFileType = sourcecode.swift; path = AppDelegate.swift; sourceTree = "<group>"; };
		C089DFE026741D91006C47D1 /* SceneDelegate.swift */ = {isa = PBXFileReference; lastKnownFileType = sourcecode.swift; path = SceneDelegate.swift; sourceTree = "<group>"; };
		C089DFE226741D91006C47D1 /* ViewController.swift */ = {isa = PBXFileReference; lastKnownFileType = sourcecode.swift; path = ViewController.swift; sourceTree = "<group>"; };
		C089DFE526741D91006C47D1 /* Base */ = {isa = PBXFileReference; lastKnownFileType = file.storyboard; name = Base; path = Base.lproj/Main.storyboard; sourceTree = "<group>"; };
		C089DFE726741D93006C47D1 /* Assets.xcassets */ = {isa = PBXFileReference; lastKnownFileType = folder.assetcatalog; path = Assets.xcassets; sourceTree = "<group>"; };
		C089DFEA26741D93006C47D1 /* Base */ = {isa = PBXFileReference; lastKnownFileType = file.storyboard; name = Base; path = Base.lproj/LaunchScreen.storyboard; sourceTree = "<group>"; };
		C089DFEC26741D93006C47D1 /* Info.plist */ = {isa = PBXFileReference; lastKnownFileType = text.plist.xml; path = Info.plist; sourceTree = "<group>"; };
		C089DFF826742D4C006C47D1 /* UIView+Extensions.swift */ = {isa = PBXFileReference; lastKnownFileType = sourcecode.swift; path = "UIView+Extensions.swift"; sourceTree = "<group>"; };
		C089DFFA26742D76006C47D1 /* OnboardingSlide.swift */ = {isa = PBXFileReference; lastKnownFileType = sourcecode.swift; path = OnboardingSlide.swift; sourceTree = "<group>"; };
/* End PBXFileReference section */

/* Begin PBXFrameworksBuildPhase section */
		C089DFD826741D91006C47D1 /* Frameworks */ = {
			isa = PBXFrameworksBuildPhase;
			buildActionMask = 2147483647;
			files = (
			);
			runOnlyForDeploymentPostprocessing = 0;
		};
/* End PBXFrameworksBuildPhase section */

/* Begin PBXGroup section */
		C089DFD226741D91006C47D1 = {
			isa = PBXGroup;
			children = (
				C089DFDD26741D91006C47D1 /* Gym Purple */,
				C089DFDC26741D91006C47D1 /* Products */,
			);
			sourceTree = "<group>";
		};
		C089DFDC26741D91006C47D1 /* Products */ = {
			isa = PBXGroup;
			children = (
				C089DFDB26741D91006C47D1 /* Gym Purple.app */,
			);
			name = Products;
			sourceTree = "<group>";
		};
		C089DFDD26741D91006C47D1 /* Gym Purple */ = {
			isa = PBXGroup;
			children = (
				C089DFF726742D2A006C47D1 /* Extensions */,
				C089DFF6267424C0006C47D1 /* Models */,
				C089DFF5267424B7006C47D1 /* Views */,
				C089DFF4267424AC006C47D1 /* Controller */,
				C089DFDE26741D91006C47D1 /* AppDelegate.swift */,
				C089DFE026741D91006C47D1 /* SceneDelegate.swift */,
				C089DFE226741D91006C47D1 /* ViewController.swift */,
				C089DFE426741D91006C47D1 /* Main.storyboard */,
				C089DFE726741D93006C47D1 /* Assets.xcassets */,
				C089DFE926741D93006C47D1 /* LaunchScreen.storyboard */,
				C089DFEC26741D93006C47D1 /* Info.plist */,
			);
			path = "Gym Purple";
			sourceTree = "<group>";
		};
		C089DFF4267424AC006C47D1 /* Controller */ = {
			isa = PBXGroup;
			children = (
			);
			path = Controller;
			sourceTree = "<group>";
		};
		C089DFF5267424B7006C47D1 /* Views */ = {
			isa = PBXGroup;
			children = (
				C09AC2B9267524F80024FF9E /* Onboarding */,
			);
			path = Views;
			sourceTree = "<group>";
		};
		C089DFF6267424C0006C47D1 /* Models */ = {
			isa = PBXGroup;
			children = (
				C089DFFA26742D76006C47D1 /* OnboardingSlide.swift */,
			);
			path = Models;
			sourceTree = "<group>";
		};
		C089DFF726742D2A006C47D1 /* Extensions */ = {
			isa = PBXGroup;
			children = (
				C089DFF826742D4C006C47D1 /* UIView+Extensions.swift */,
			);
			path = Extensions;
			sourceTree = "<group>";
		};
		C09AC2B9267524F80024FF9E /* Onboarding */ = {
			isa = PBXGroup;
			children = (
			);
			path = Onboarding;
			sourceTree = "<group>";
		};
/* End PBXGroup section */

/* Begin PBXNativeTarget section */
		C089DFDA26741D91006C47D1 /* Gym Purple */ = {
			isa = PBXNativeTarget;
			buildConfigurationList = C089DFEF26741D93006C47D1 /* Build configuration list for PBXNativeTarget "Gym Purple" */;
			buildPhases = (
				C089DFD726741D91006C47D1 /* Sources */,
				C089DFD826741D91006C47D1 /* Frameworks */,
				C089DFD926741D91006C47D1 /* Resources */,
			);
			buildRules = (
			);
			dependencies = (
			);
			name = "Gym Purple";
			productName = "Gym Purple";
			productReference = C089DFDB26741D91006C47D1 /* Gym Purple.app */;
			productType = "com.apple.product-type.application";
		};
/* End PBXNativeTarget section */

/* Begin PBXProject section */
		C089DFD326741D91006C47D1 /* Project object */ = {
			isa = PBXProject;
			attributes = {
				LastSwiftUpdateCheck = 1250;
				LastUpgradeCheck = 1250;
				TargetAttributes = {
					C089DFDA26741D91006C47D1 = {
						CreatedOnToolsVersion = 12.5;
					};
				};
			};
			buildConfigurationList = C089DFD626741D91006C47D1 /* Build configuration list for PBXProject "Gym Purple" */;
			compatibilityVersion = "Xcode 9.3";
			developmentRegion = en;
			hasScannedForEncodings = 0;
			knownRegions = (
				en,
				Base,
			);
			mainGroup = C089DFD226741D91006C47D1;
			productRefGroup = C089DFDC26741D91006C47D1 /* Products */;
			projectDirPath = "";
			projectRoot = "";
			targets = (
				C089DFDA26741D91006C47D1 /* Gym Purple */,
			);
		};
/* End PBXProject section */

/* Begin PBXResourcesBuildPhase section */
		C089DFD926741D91006C47D1 /* Resources */ = {
			isa = PBXResourcesBuildPhase;
			buildActionMask = 2147483647;
			files = (
				C089DFEB26741D93006C47D1 /* LaunchScreen.storyboard in Resources */,
				C089DFE826741D93006C47D1 /* Assets.xcassets in Resources */,
				C089DFE626741D91006C47D1 /* Main.storyboard in Resources */,
			);
			runOnlyForDeploymentPostprocessing = 0;
		};
/* End PBXResourcesBuildPhase section */

/* Begin PBXSourcesBuildPhase section */
		C089DFD726741D91006C47D1 /* Sources */ = {
			isa = PBXSourcesBuildPhase;
			buildActionMask = 2147483647;
			files = (
				C089DFFB26742D76006C47D1 /* OnboardingSlide.swift in Sources */,
				C089DFE326741D91006C47D1 /* ViewController.swift in Sources */,
				C089DFDF26741D91006C47D1 /* AppDelegate.swift in Sources */,
				C089DFF926742D4C006C47D1 /* UIView+Extensions.swift in Sources */,
				C089DFE126741D91006C47D1 /* SceneDelegate.swift in Sources */,
			);
			runOnlyForDeploymentPostprocessing = 0;
		};
/* End PBXSourcesBuildPhase section */

/* Begin PBXVariantGroup section */
		C089DFE426741D91006C47D1 /* Main.storyboard */ = {
			isa = PBXVariantGroup;
			children = (
				C089DFE526741D91006C47D1 /* Base */,
			);
			name = Main.storyboard;
			sourceTree = "<group>";
		};
		C089DFE926741D93006C47D1 /* LaunchScreen.storyboard */ = {
			isa = PBXVariantGroup;
			children = (
				C089DFEA26741D93006C47D1 /* Base */,
			);
			name = LaunchScreen.storyboard;
			sourceTree = "<group>";
		};
/* End PBXVariantGroup section */

/* Begin XCBuildConfiguration section */
		C089DFED26741D93006C47D1 /* Debug */ = {
			isa = XCBuildConfiguration;
			buildSettings = {
				ALWAYS_SEARCH_USER_PATHS = NO;
				CLANG_ANALYZER_NONNULL = YES;
				CLANG_ANALYZER_NUMBER_OBJECT_CONVERSION = YES_AGGRESSIVE;
				CLANG_CXX_LANGUAGE_STANDARD = "gnu++14";
				CLANG_CXX_LIBRARY = "libc++";
				CLANG_ENABLE_MODULES = YES;
				CLANG_ENABLE_OBJC_ARC = YES;
				CLANG_ENABLE_OBJC_WEAK = YES;
				CLANG_WARN_BLOCK_CAPTURE_AUTORELEASING = YES;
				CLANG_WARN_BOOL_CONVERSION = YES;
				CLANG_WARN_COMMA = YES;
				CLANG_WARN_CONSTANT_CONVERSION = YES;
				CLANG_WARN_DEPRECATED_OBJC_IMPLEMENTATIONS = YES;
				CLANG_WARN_DIRECT_OBJC_ISA_USAGE = YES_ERROR;
				CLANG_WARN_DOCUMENTATION_COMMENTS = YES;
				CLANG_WARN_EMPTY_BODY = YES;
				CLANG_WARN_ENUM_CONVERSION = YES;
				CLANG_WARN_INFINITE_RECURSION = YES;
				CLANG_WARN_INT_CONVERSION = YES;
				CLANG_WARN_NON_LITERAL_NULL_CONVERSION = YES;
				CLANG_WARN_OBJC_IMPLICIT_RETAIN_SELF = YES;
				CLANG_WARN_OBJC_LITERAL_CONVERSION = YES;
				CLANG_WARN_OBJC_ROOT_CLASS = YES_ERROR;
				CLANG_WARN_QUOTED_INCLUDE_IN_FRAMEWORK_HEADER = YES;
				CLANG_WARN_RANGE_LOOP_ANALYSIS = YES;
				CLANG_WARN_STRICT_PROTOTYPES = YES;
				CLANG_WARN_SUSPICIOUS_MOVE = YES;
				CLANG_WARN_UNGUARDED_AVAILABILITY = YES_AGGRESSIVE;
				CLANG_WARN_UNREACHABLE_CODE = YES;
				CLANG_WARN__DUPLICATE_METHOD_MATCH = YES;
				COPY_PHASE_STRIP = NO;
				DEBUG_INFORMATION_FORMAT = dwarf;
				ENABLE_STRICT_OBJC_MSGSEND = YES;
				ENABLE_TESTABILITY = YES;
				GCC_C_LANGUAGE_STANDARD = gnu11;
				GCC_DYNAMIC_NO_PIC = NO;
				GCC_NO_COMMON_BLOCKS = YES;
				GCC_OPTIMIZATION_LEVEL = 0;
				GCC_PREPROCESSOR_DEFINITIONS = (
					"DEBUG=1",
					"$(inherited)",
				);
				GCC_WARN_64_TO_32_BIT_CONVERSION = YES;
				GCC_WARN_ABOUT_RETURN_TYPE = YES_ERROR;
				GCC_WARN_UNDECLARED_SELECTOR = YES;
				GCC_WARN_UNINITIALIZED_AUTOS = YES_AGGRESSIVE;
				GCC_WARN_UNUSED_FUNCTION = YES;
				GCC_WARN_UNUSED_VARIABLE = YES;
				IPHONEOS_DEPLOYMENT_TARGET = 14.5;
				MTL_ENABLE_DEBUG_INFO = INCLUDE_SOURCE;
				MTL_FAST_MATH = YES;
				ONLY_ACTIVE_ARCH = YES;
				SDKROOT = iphoneos;
				SWIFT_ACTIVE_COMPILATION_CONDITIONS = DEBUG;
				SWIFT_OPTIMIZATION_LEVEL = "-Onone";
			};
			name = Debug;
		};
		C089DFEE26741D93006C47D1 /* Release */ = {
			isa = XCBuildConfiguration;
			buildSettings = {
				ALWAYS_SEARCH_USER_PATHS = NO;
				CLANG_ANALYZER_NONNULL = YES;
				CLANG_ANALYZER_NUMBER_OBJECT_CONVERSION = YES_AGGRESSIVE;
				CLANG_CXX_LANGUAGE_STANDARD = "gnu++14";
				CLANG_CXX_LIBRARY = "libc++";
				CLANG_ENABLE_MODULES = YES;
				CLANG_ENABLE_OBJC_ARC = YES;
				CLANG_ENABLE_OBJC_WEAK = YES;
				CLANG_WARN_BLOCK_CAPTURE_AUTORELEASING = YES;
				CLANG_WARN_BOOL_CONVERSION = YES;
				CLANG_WARN_COMMA = YES;
				CLANG_WARN_CONSTANT_CONVERSION = YES;
				CLANG_WARN_DEPRECATED_OBJC_IMPLEMENTATIONS = YES;
				CLANG_WARN_DIRECT_OBJC_ISA_USAGE = YES_ERROR;
				CLANG_WARN_DOCUMENTATION_COMMENTS = YES;
				CLANG_WARN_EMPTY_BODY = YES;
				CLANG_WARN_ENUM_CONVERSION = YES;
				CLANG_WARN_INFINITE_RECURSION = YES;
				CLANG_WARN_INT_CONVERSION = YES;
				CLANG_WARN_NON_LITERAL_NULL_CONVERSION = YES;
				CLANG_WARN_OBJC_IMPLICIT_RETAIN_SELF = YES;
				CLANG_WARN_OBJC_LITERAL_CONVERSION = YES;
				CLANG_WARN_OBJC_ROOT_CLASS = YES_ERROR;
				CLANG_WARN_QUOTED_INCLUDE_IN_FRAMEWORK_HEADER = YES;
				CLANG_WARN_RANGE_LOOP_ANALYSIS = YES;
				CLANG_WARN_STRICT_PROTOTYPES = YES;
				CLANG_WARN_SUSPICIOUS_MOVE = YES;
				CLANG_WARN_UNGUARDED_AVAILABILITY = YES_AGGRESSIVE;
				CLANG_WARN_UNREACHABLE_CODE = YES;
				CLANG_WARN__DUPLICATE_METHOD_MATCH = YES;
				COPY_PHASE_STRIP = NO;
				DEBUG_INFORMATION_FORMAT = "dwarf-with-dsym";
				ENABLE_NS_ASSERTIONS = NO;
				ENABLE_STRICT_OBJC_MSGSEND = YES;
				GCC_C_LANGUAGE_STANDARD = gnu11;
				GCC_NO_COMMON_BLOCKS = YES;
				GCC_WARN_64_TO_32_BIT_CONVERSION = YES;
				GCC_WARN_ABOUT_RETURN_TYPE = YES_ERROR;
				GCC_WARN_UNDECLARED_SELECTOR = YES;
				GCC_WARN_UNINITIALIZED_AUTOS = YES_AGGRESSIVE;
				GCC_WARN_UNUSED_FUNCTION = YES;
				GCC_WARN_UNUSED_VARIABLE = YES;
				IPHONEOS_DEPLOYMENT_TARGET = 14.5;
				MTL_ENABLE_DEBUG_INFO = NO;
				MTL_FAST_MATH = YES;
				SDKROOT = iphoneos;
				SWIFT_COMPILATION_MODE = wholemodule;
				SWIFT_OPTIMIZATION_LEVEL = "-O";
				VALIDATE_PRODUCT = YES;
			};
			name = Release;
		};
		C089DFF026741D93006C47D1 /* Debug */ = {
			isa = XCBuildConfiguration;
			buildSettings = {
				ASSETCATALOG_COMPILER_APPICON_NAME = AppIcon;
				ASSETCATALOG_COMPILER_GLOBAL_ACCENT_COLOR_NAME = AccentColor;
				CODE_SIGN_STYLE = Automatic;
				DEVELOPMENT_TEAM = BM4YFXN4AH;
				INFOPLIST_FILE = "Gym Purple/Info.plist";
				LD_RUNPATH_SEARCH_PATHS = (
					"$(inherited)",
					"@executable_path/Frameworks",
				);
				PRODUCT_BUNDLE_IDENTIFIER = "br.com.Gym-Purple";
				PRODUCT_NAME = "$(TARGET_NAME)";
				SWIFT_VERSION = 5.0;
				TARGETED_DEVICE_FAMILY = "1,2";
			};
			name = Debug;
		};
		C089DFF126741D93006C47D1 /* Release */ = {
			isa = XCBuildConfiguration;
			buildSettings = {
				ASSETCATALOG_COMPILER_APPICON_NAME = AppIcon;
				ASSETCATALOG_COMPILER_GLOBAL_ACCENT_COLOR_NAME = AccentColor;
				CODE_SIGN_STYLE = Automatic;
				DEVELOPMENT_TEAM = BM4YFXN4AH;
				INFOPLIST_FILE = "Gym Purple/Info.plist";
				LD_RUNPATH_SEARCH_PATHS = (
					"$(inherited)",
					"@executable_path/Frameworks",
				);
				PRODUCT_BUNDLE_IDENTIFIER = "br.com.Gym-Purple";
				PRODUCT_NAME = "$(TARGET_NAME)";
				SWIFT_VERSION = 5.0;
				TARGETED_DEVICE_FAMILY = "1,2";
			};
			name = Release;
		};
/* End XCBuildConfiguration section */

/* Begin XCConfigurationList section */
		C089DFD626741D91006C47D1 /* Build configuration list for PBXProject "Gym Purple" */ = {
			isa = XCConfigurationList;
			buildConfigurations = (
				C089DFED26741D93006C47D1 /* Debug */,
				C089DFEE26741D93006C47D1 /* Release */,
			);
			defaultConfigurationIsVisible = 0;
			defaultConfigurationName = Release;
		};
		C089DFEF26741D93006C47D1 /* Build configuration list for PBXNativeTarget "Gym Purple" */ = {
			isa = XCConfigurationList;
			buildConfigurations = (
				C089DFF026741D93006C47D1 /* Debug */,
				C089DFF126741D93006C47D1 /* Release */,
			);
			defaultConfigurationIsVisible = 0;
			defaultConfigurationName = Release;
		};
/* End XCConfigurationList section */
	};
	rootObject = C089DFD326741D91006C47D1 /* Project object */;
}
